
Microsoft Visual Studio Solution File, Format Version 12.00
# Visual Studio Version 17
VisualStudioVersion = 17.14.36518.9 d17.14
MinimumVisualStudioVersion = 10.0.40219.1
Project("{FAE04EC0-301F-11D3-BF4B-00C04F79EFBC}") = "CalculadoraConsole", "CalculadoraConsole.csproj", "{E2B02143-197F-4B4F-8E62-799687020794}"
EndProject
Global
	GlobalSection(SolutionConfigurationPlatforms) = preSolution
		Debug|Any CPU = Debug|Any CPU
		Release|Any CPU = Release|Any CPU
	EndGlobalSection
	GlobalSection(ProjectConfigurationPlatforms) = postSolution
		{E2B02143-197F-4B4F-8E62-799687020794}.Debug|Any CPU.ActiveCfg = Debug|Any CPU
		{E2B02143-197F-4B4F-8E62-799687020794}.Debug|Any CPU.Build.0 = Debug|Any CPU
		{E2B02143-197F-4B4F-8E62-799687020794}.Release|Any CPU.ActiveCfg = Release|Any CPU
		{E2B02143-197F-4B4F-8E62-799687020794}.Release|Any CPU.Build.0 = Release|Any CPU
	EndGlobalSection
	GlobalSection(SolutionProperties) = preSolution
		HideSolutionNode = FALSE
	EndGlobalSection
	GlobalSection(ExtensibilityGlobals) = postSolution
		SolutionGuid = {4F2F5990-F94A-4574-BFBD-EB1597B4CC06}
	EndGlobalSection
EndGlobal
